// !$*UTF8*$!
{
	archiveVersion = 1;
	classes = {
	};
	objectVersion = 46;
	objects = {

/* Begin PBXBuildFile section */
		6247B98618B5A52300BC2E09 /* Foundation.framework in Frameworks */ = {isa = PBXBuildFile; fileRef = 6247B98518B5A52300BC2E09 /* Foundation.framework */; };
		6247B98818B5A52300BC2E09 /* CoreGraphics.framework in Frameworks */ = {isa = PBXBuildFile; fileRef = 6247B98718B5A52300BC2E09 /* CoreGraphics.framework */; };
		6247B98A18B5A52300BC2E09 /* UIKit.framework in Frameworks */ = {isa = PBXBuildFile; fileRef = 6247B98918B5A52300BC2E09 /* UIKit.framework */; };
		6247B98C18B5A52300BC2E09 /* CoreData.framework in Frameworks */ = {isa = PBXBuildFile; fileRef = 6247B98B18B5A52300BC2E09 /* CoreData.framework */; };
		6247B99218B5A52300BC2E09 /* InfoPlist.strings in Resources */ = {isa = PBXBuildFile; fileRef = 6247B99018B5A52300BC2E09 /* InfoPlist.strings */; };
		6247B99418B5A52300BC2E09 /* main.m in Sources */ = {isa = PBXBuildFile; fileRef = 6247B99318B5A52300BC2E09 /* main.m */; };
		6247B99818B5A52300BC2E09 /* AppDelegate.m in Sources */ = {isa = PBXBuildFile; fileRef = 6247B99718B5A52300BC2E09 /* AppDelegate.m */; };
		6247B99B18B5A52400BC2E09 /* pind.xcdatamodeld in Sources */ = {isa = PBXBuildFile; fileRef = 6247B99918B5A52300BC2E09 /* pind.xcdatamodeld */; };
		6247B99D18B5A52400BC2E09 /* Images.xcassets in Resources */ = {isa = PBXBuildFile; fileRef = 6247B99C18B5A52400BC2E09 /* Images.xcassets */; };
		6247B9A418B5A52400BC2E09 /* XCTest.framework in Frameworks */ = {isa = PBXBuildFile; fileRef = 6247B9A318B5A52400BC2E09 /* XCTest.framework */; };
		6247B9A518B5A52400BC2E09 /* Foundation.framework in Frameworks */ = {isa = PBXBuildFile; fileRef = 6247B98518B5A52300BC2E09 /* Foundation.framework */; };
		6247B9A618B5A52400BC2E09 /* UIKit.framework in Frameworks */ = {isa = PBXBuildFile; fileRef = 6247B98918B5A52300BC2E09 /* UIKit.framework */; };
		6247B9A718B5A52400BC2E09 /* CoreData.framework in Frameworks */ = {isa = PBXBuildFile; fileRef = 6247B98B18B5A52300BC2E09 /* CoreData.framework */; };
		6247B9AF18B5A52400BC2E09 /* InfoPlist.strings in Resources */ = {isa = PBXBuildFile; fileRef = 6247B9AD18B5A52400BC2E09 /* InfoPlist.strings */; };
		6247B9B118B5A52400BC2E09 /* pindTests.m in Sources */ = {isa = PBXBuildFile; fileRef = 6247B9B018B5A52400BC2E09 /* pindTests.m */; };
/* End PBXBuildFile section */

/* Begin PBXContainerItemProxy section */
		6247B9A818B5A52400BC2E09 /* PBXContainerItemProxy */ = {
			isa = PBXContainerItemProxy;
			containerPortal = 6247B97A18B5A52200BC2E09 /* Project object */;
			proxyType = 1;
			remoteGlobalIDString = 6247B98118B5A52200BC2E09;
			remoteInfo = pind;
		};
/* End PBXContainerItemProxy section */

/* Begin PBXFileReference section */
		6247B98218B5A52300BC2E09 /* pind.app */ = {isa = PBXFileReference; explicitFileType = wrapper.application; includeInIndex = 0; path = pind.app; sourceTree = BUILT_PRODUCTS_DIR; };
		6247B98518B5A52300BC2E09 /* Foundation.framework */ = {isa = PBXFileReference; lastKnownFileType = wrapper.framework; name = Foundation.framework; path = System/Library/Frameworks/Foundation.framework; sourceTree = SDKROOT; };
		6247B98718B5A52300BC2E09 /* CoreGraphics.framework */ = {isa = PBXFileReference; lastKnownFileType = wrapper.framework; name = CoreGraphics.framework; path = System/Library/Frameworks/CoreGraphics.framework; sourceTree = SDKROOT; };
		6247B98918B5A52300BC2E09 /* UIKit.framework */ = {isa = PBXFileReference; lastKnownFileType = wrapper.framework; name = UIKit.framework; path = System/Library/Frameworks/UIKit.framework; sourceTree = SDKROOT; };
		6247B98B18B5A52300BC2E09 /* CoreData.framework */ = {isa = PBXFileReference; lastKnownFileType = wrapper.framework; name = CoreData.framework; path = System/Library/Frameworks/CoreData.framework; sourceTree = SDKROOT; };
		6247B98F18B5A52300BC2E09 /* pind-Info.plist */ = {isa = PBXFileReference; lastKnownFileType = text.plist.xml; path = "pind-Info.plist"; sourceTree = "<group>"; };
		6247B99118B5A52300BC2E09 /* en */ = {isa = PBXFileReference; lastKnownFileType = text.plist.strings; name = en; path = en.lproj/InfoPlist.strings; sourceTree = "<group>"; };
		6247B99318B5A52300BC2E09 /* main.m */ = {isa = PBXFileReference; lastKnownFileType = sourcecode.c.objc; path = main.m; sourceTree = "<group>"; };
		6247B99518B5A52300BC2E09 /* pind-Prefix.pch */ = {isa = PBXFileReference; lastKnownFileType = sourcecode.c.h; path = "pind-Prefix.pch"; sourceTree = "<group>"; };
		6247B99618B5A52300BC2E09 /* AppDelegate.h */ = {isa = PBXFileReference; lastKnownFileType = sourcecode.c.h; path = AppDelegate.h; sourceTree = "<group>"; };
		6247B99718B5A52300BC2E09 /* AppDelegate.m */ = {isa = PBXFileReference; lastKnownFileType = sourcecode.c.objc; path = AppDelegate.m; sourceTree = "<group>"; };
		6247B99A18B5A52300BC2E09 /* pind.xcdatamodel */ = {isa = PBXFileReference; lastKnownFileType = wrapper.xcdatamodel; path = pind.xcdatamodel; sourceTree = "<group>"; };
		6247B99C18B5A52400BC2E09 /* Images.xcassets */ = {isa = PBXFileReference; lastKnownFileType = folder.assetcatalog; path = Images.xcassets; sourceTree = "<group>"; };
		6247B9A218B5A52400BC2E09 /* pindTests.xctest */ = {isa = PBXFileReference; explicitFileType = wrapper.cfbundle; includeInIndex = 0; path = pindTests.xctest; sourceTree = BUILT_PRODUCTS_DIR; };
		6247B9A318B5A52400BC2E09 /* XCTest.framework */ = {isa = PBXFileReference; lastKnownFileType = wrapper.framework; name = XCTest.framework; path = Library/Frameworks/XCTest.framework; sourceTree = DEVELOPER_DIR; };
		6247B9AC18B5A52400BC2E09 /* pindTests-Info.plist */ = {isa = PBXFileReference; lastKnownFileType = text.plist.xml; path = "pindTests-Info.plist"; sourceTree = "<group>"; };
		6247B9AE18B5A52400BC2E09 /* en */ = {isa = PBXFileReference; lastKnownFileType = text.plist.strings; name = en; path = en.lproj/InfoPlist.strings; sourceTree = "<group>"; };
		6247B9B018B5A52400BC2E09 /* pindTests.m */ = {isa = PBXFileReference; lastKnownFileType = sourcecode.c.objc; path = pindTests.m; sourceTree = "<group>"; };
/* End PBXFileReference section */

/* Begin PBXFrameworksBuildPhase section */
		6247B97F18B5A52200BC2E09 /* Frameworks */ = {
			isa = PBXFrameworksBuildPhase;
			buildActionMask = 2147483647;
			files = (
				6247B98818B5A52300BC2E09 /* CoreGraphics.framework in Frameworks */,
				6247B98C18B5A52300BC2E09 /* CoreData.framework in Frameworks */,
				6247B98A18B5A52300BC2E09 /* UIKit.framework in Frameworks */,
				6247B98618B5A52300BC2E09 /* Foundation.framework in Frameworks */,
			);
			runOnlyForDeploymentPostprocessing = 0;
		};
		6247B99F18B5A52400BC2E09 /* Frameworks */ = {
			isa = PBXFrameworksBuildPhase;
			buildActionMask = 2147483647;
			files = (
				6247B9A418B5A52400BC2E09 /* XCTest.framework in Frameworks */,
				6247B9A718B5A52400BC2E09 /* CoreData.framework in Frameworks */,
				6247B9A618B5A52400BC2E09 /* UIKit.framework in Frameworks */,
				6247B9A518B5A52400BC2E09 /* Foundation.framework in Frameworks */,
			);
			runOnlyForDeploymentPostprocessing = 0;
		};
/* End PBXFrameworksBuildPhase section */

/* Begin PBXGroup section */
		6247B97918B5A52200BC2E09 = {
			isa = PBXGroup;
			children = (
				6247B98D18B5A52300BC2E09 /* pind */,
				6247B9AA18B5A52400BC2E09 /* pindTests */,
				6247B98418B5A52300BC2E09 /* Frameworks */,
				6247B98318B5A52300BC2E09 /* Products */,
			);
			sourceTree = "<group>";
		};
		6247B98318B5A52300BC2E09 /* Products */ = {
			isa = PBXGroup;
			children = (
				6247B98218B5A52300BC2E09 /* pind.app */,
				6247B9A218B5A52400BC2E09 /* pindTests.xctest */,
			);
			name = Products;
			sourceTree = "<group>";
		};
		6247B98418B5A52300BC2E09 /* Frameworks */ = {
			isa = PBXGroup;
			children = (
				6247B98518B5A52300BC2E09 /* Foundation.framework */,
				6247B98718B5A52300BC2E09 /* CoreGraphics.framework */,
				6247B98918B5A52300BC2E09 /* UIKit.framework */,
				6247B98B18B5A52300BC2E09 /* CoreData.framework */,
				6247B9A318B5A52400BC2E09 /* XCTest.framework */,
			);
			name = Frameworks;
			sourceTree = "<group>";
		};
		6247B98D18B5A52300BC2E09 /* pind */ = {
			isa = PBXGroup;
			children = (
				6247B99618B5A52300BC2E09 /* AppDelegate.h */,
				6247B99718B5A52300BC2E09 /* AppDelegate.m */,
				6247B99C18B5A52400BC2E09 /* Images.xcassets */,
				6247B99918B5A52300BC2E09 /* pind.xcdatamodeld */,
				6247B98E18B5A52300BC2E09 /* Supporting Files */,
			);
			path = pind;
			sourceTree = "<group>";
		};
		6247B98E18B5A52300BC2E09 /* Supporting Files */ = {
			isa = PBXGroup;
			children = (
				6247B98F18B5A52300BC2E09 /* pind-Info.plist */,
				6247B99018B5A52300BC2E09 /* InfoPlist.strings */,
				6247B99318B5A52300BC2E09 /* main.m */,
				6247B99518B5A52300BC2E09 /* pind-Prefix.pch */,
			);
			name = "Supporting Files";
			sourceTree = "<group>";
		};
		6247B9AA18B5A52400BC2E09 /* pindTests */ = {
			isa = PBXGroup;
			children = (
				6247B9B018B5A52400BC2E09 /* pindTests.m */,
				6247B9AB18B5A52400BC2E09 /* Supporting Files */,
			);
			path = pindTests;
			sourceTree = "<group>";
		};
		6247B9AB18B5A52400BC2E09 /* Supporting Files */ = {
			isa = PBXGroup;
			children = (
				6247B9AC18B5A52400BC2E09 /* pindTests-Info.plist */,
				6247B9AD18B5A52400BC2E09 /* InfoPlist.strings */,
			);
			name = "Supporting Files";
			sourceTree = "<group>";
		};
/* End PBXGroup section */

/* Begin PBXNativeTarget section */
		6247B98118B5A52200BC2E09 /* pind */ = {
			isa = PBXNativeTarget;
			buildConfigurationList = 6247B9B418B5A52400BC2E09 /* Build configuration list for PBXNativeTarget "pind" */;
			buildPhases = (
				6247B97E18B5A52200BC2E09 /* Sources */,
				6247B97F18B5A52200BC2E09 /* Frameworks */,
				6247B98018B5A52200BC2E09 /* Resources */,
			);
			buildRules = (
			);
			dependencies = (
			);
			name = pind;
			productName = pind;
			productReference = 6247B98218B5A52300BC2E09 /* pind.app */;
			productType = "com.apple.product-type.application";
		};
		6247B9A118B5A52400BC2E09 /* pindTests */ = {
			isa = PBXNativeTarget;
			buildConfigurationList = 6247B9B718B5A52400BC2E09 /* Build configuration list for PBXNativeTarget "pindTests" */;
			buildPhases = (
				6247B99E18B5A52400BC2E09 /* Sources */,
				6247B99F18B5A52400BC2E09 /* Frameworks */,
				6247B9A018B5A52400BC2E09 /* Resources */,
			);
			buildRules = (
			);
			dependencies = (
				6247B9A918B5A52400BC2E09 /* PBXTargetDependency */,
			);
			name = pindTests;
			productName = pindTests;
			productReference = 6247B9A218B5A52400BC2E09 /* pindTests.xctest */;
			productType = "com.apple.product-type.bundle.unit-test";
		};
/* End PBXNativeTarget section */

/* Begin PBXProject section */
		6247B97A18B5A52200BC2E09 /* Project object */ = {
			isa = PBXProject;
			attributes = {
				LastUpgradeCheck = 0500;
				ORGANIZATIONNAME = "Caroline Wong";
				TargetAttributes = {
					6247B9A118B5A52400BC2E09 = {
						TestTargetID = 6247B98118B5A52200BC2E09;
					};
				};
			};
			buildConfigurationList = 6247B97D18B5A52200BC2E09 /* Build configuration list for PBXProject "pind" */;
			compatibilityVersion = "Xcode 3.2";
			developmentRegion = English;
			hasScannedForEncodings = 0;
			knownRegions = (
				en,
			);
			mainGroup = 6247B97918B5A52200BC2E09;
			productRefGroup = 6247B98318B5A52300BC2E09 /* Products */;
			projectDirPath = "";
			projectRoot = "";
			targets = (
				6247B98118B5A52200BC2E09 /* pind */,
				6247B9A118B5A52400BC2E09 /* pindTests */,
			);
		};
/* End PBXProject section */

/* Begin PBXResourcesBuildPhase section */
		6247B98018B5A52200BC2E09 /* Resources */ = {
			isa = PBXResourcesBuildPhase;
			buildActionMask = 2147483647;
			files = (
				6247B99218B5A52300BC2E09 /* InfoPlist.strings in Resources */,
				6247B99D18B5A52400BC2E09 /* Images.xcassets in Resources */,
			);
			runOnlyForDeploymentPostprocessing = 0;
		};
		6247B9A018B5A52400BC2E09 /* Resources */ = {
			isa = PBXResourcesBuildPhase;
			buildActionMask = 2147483647;
			files = (
				6247B9AF18B5A52400BC2E09 /* InfoPlist.strings in Resources */,
			);
			runOnlyForDeploymentPostprocessing = 0;
		};
/* End PBXResourcesBuildPhase section */

/* Begin PBXSourcesBuildPhase section */
		6247B97E18B5A52200BC2E09 /* Sources */ = {
			isa = PBXSourcesBuildPhase;
			buildActionMask = 2147483647;
			files = (
				6247B99B18B5A52400BC2E09 /* pind.xcdatamodeld in Sources */,
				6247B99818B5A52300BC2E09 /* AppDelegate.m in Sources */,
				6247B99418B5A52300BC2E09 /* main.m in Sources */,
			);
			runOnlyForDeploymentPostprocessing = 0;
		};
		6247B99E18B5A52400BC2E09 /* Sources */ = {
			isa = PBXSourcesBuildPhase;
			buildActionMask = 2147483647;
			files = (
				6247B9B118B5A52400BC2E09 /* pindTests.m in Sources */,
			);
			runOnlyForDeploymentPostprocessing = 0;
		};
/* End PBXSourcesBuildPhase section */

/* Begin PBXTargetDependency section */
		6247B9A918B5A52400BC2E09 /* PBXTargetDependency */ = {
			isa = PBXTargetDependency;
			target = 6247B98118B5A52200BC2E09 /* pind */;
			targetProxy = 6247B9A818B5A52400BC2E09 /* PBXContainerItemProxy */;
		};
/* End PBXTargetDependency section */

/* Begin PBXVariantGroup section */
		6247B99018B5A52300BC2E09 /* InfoPlist.strings */ = {
			isa = PBXVariantGroup;
			children = (
				6247B99118B5A52300BC2E09 /* en */,
			);
			name = InfoPlist.strings;
			sourceTree = "<group>";
		};
		6247B9AD18B5A52400BC2E09 /* InfoPlist.strings */ = {
			isa = PBXVariantGroup;
			children = (
				6247B9AE18B5A52400BC2E09 /* en */,
			);
			name = InfoPlist.strings;
			sourceTree = "<group>";
		};
/* End PBXVariantGroup section */

/* Begin XCBuildConfiguration section */
		6247B9B218B5A52400BC2E09 /* Debug */ = {
			isa = XCBuildConfiguration;
			buildSettings = {
				ALWAYS_SEARCH_USER_PATHS = NO;
				ARCHS = "$(ARCHS_STANDARD_INCLUDING_64_BIT)";
				CLANG_CXX_LANGUAGE_STANDARD = "gnu++0x";
				CLANG_CXX_LIBRARY = "libc++";
				CLANG_ENABLE_MODULES = YES;
				CLANG_ENABLE_OBJC_ARC = YES;
				CLANG_WARN_BOOL_CONVERSION = YES;
				CLANG_WARN_CONSTANT_CONVERSION = YES;
				CLANG_WARN_DIRECT_OBJC_ISA_USAGE = YES_ERROR;
				CLANG_WARN_EMPTY_BODY = YES;
				CLANG_WARN_ENUM_CONVERSION = YES;
				CLANG_WARN_INT_CONVERSION = YES;
				CLANG_WARN_OBJC_ROOT_CLASS = YES_ERROR;
				CLANG_WARN__DUPLICATE_METHOD_MATCH = YES;
				"CODE_SIGN_IDENTITY[sdk=iphoneos*]" = "iPhone Developer";
				COPY_PHASE_STRIP = NO;
				GCC_C_LANGUAGE_STANDARD = gnu99;
				GCC_DYNAMIC_NO_PIC = NO;
				GCC_OPTIMIZATION_LEVEL = 0;
				GCC_PREPROCESSOR_DEFINITIONS = (
					"DEBUG=1",
					"$(inherited)",
				);
				GCC_SYMBOLS_PRIVATE_EXTERN = NO;
				GCC_WARN_64_TO_32_BIT_CONVERSION = YES;
				GCC_WARN_ABOUT_RETURN_TYPE = YES_ERROR;
				GCC_WARN_UNDECLARED_SELECTOR = YES;
				GCC_WARN_UNINITIALIZED_AUTOS = YES;
				GCC_WARN_UNUSED_FUNCTION = YES;
				GCC_WARN_UNUSED_VARIABLE = YES;
				IPHONEOS_DEPLOYMENT_TARGET = 7.0;
				ONLY_ACTIVE_ARCH = YES;
				SDKROOT = iphoneos;
			};
			name = Debug;
		};
		6247B9B318B5A52400BC2E09 /* Release */ = {
			isa = XCBuildConfiguration;
			buildSettings = {
				ALWAYS_SEARCH_USER_PATHS = NO;
				ARCHS = "$(ARCHS_STANDARD_INCLUDING_64_BIT)";
				CLANG_CXX_LANGUAGE_STANDARD = "gnu++0x";
				CLANG_CXX_LIBRARY = "libc++";
				CLANG_ENABLE_MODULES = YES;
				CLANG_ENABLE_OBJC_ARC = YES;
				CLANG_WARN_BOOL_CONVERSION = YES;
				CLANG_WARN_CONSTANT_CONVERSION = YES;
				CLANG_WARN_DIRECT_OBJC_ISA_USAGE = YES_ERROR;
				CLANG_WARN_EMPTY_BODY = YES;
				CLANG_WARN_ENUM_CONVERSION = YES;
				CLANG_WARN_INT_CONVERSION = YES;
				CLANG_WARN_OBJC_ROOT_CLASS = YES_ERROR;
				CLANG_WARN__DUPLICATE_METHOD_MATCH = YES;
				"CODE_SIGN_IDENTITY[sdk=iphoneos*]" = "iPhone Developer";
				COPY_PHASE_STRIP = YES;
				ENABLE_NS_ASSERTIONS = NO;
				GCC_C_LANGUAGE_STANDARD = gnu99;
				GCC_WARN_64_TO_32_BIT_CONVERSION = YES;
				GCC_WARN_ABOUT_RETURN_TYPE = YES_ERROR;
				GCC_WARN_UNDECLARED_SELECTOR = YES;
				GCC_WARN_UNINITIALIZED_AUTOS = YES;
				GCC_WARN_UNUSED_FUNCTION = YES;
				GCC_WARN_UNUSED_VARIABLE = YES;
				IPHONEOS_DEPLOYMENT_TARGET = 7.0;
				SDKROOT = iphoneos;
				VALIDATE_PRODUCT = YES;
			};
			name = Release;
		};
		6247B9B518B5A52400BC2E09 /* Debug */ = {
			isa = XCBuildConfiguration;
			buildSettings = {
				ASSETCATALOG_COMPILER_APPICON_NAME = AppIcon;
				ASSETCATALOG_COMPILER_LAUNCHIMAGE_NAME = LaunchImage;
				GCC_PRECOMPILE_PREFIX_HEADER = YES;
				GCC_PREFIX_HEADER = "pind/pind-Prefix.pch";
				INFOPLIST_FILE = "pind/pind-Info.plist";
				PRODUCT_NAME = "$(TARGET_NAME)";
				WRAPPER_EXTENSION = app;
			};
			name = Debug;
		};
		6247B9B618B5A52400BC2E09 /* Release */ = {
			isa = XCBuildConfiguration;
			buildSettings = {
				ASSETCATALOG_COMPILER_APPICON_NAME = AppIcon;
				ASSETCATALOG_COMPILER_LAUNCHIMAGE_NAME = LaunchImage;
				GCC_PRECOMPILE_PREFIX_HEADER = YES;
				GCC_PREFIX_HEADER = "pind/pind-Prefix.pch";
				INFOPLIST_FILE = "pind/pind-Info.plist";
				PRODUCT_NAME = "$(TARGET_NAME)";
				WRAPPER_EXTENSION = app;
			};
			name = Release;
		};
		6247B9B818B5A52400BC2E09 /* Debug */ = {
			isa = XCBuildConfiguration;
			buildSettings = {
				ARCHS = "$(ARCHS_STANDARD_INCLUDING_64_BIT)";
				BUNDLE_LOADER = "$(BUILT_PRODUCTS_DIR)/pind.app/pind";
				FRAMEWORK_SEARCH_PATHS = (
					"$(SDKROOT)/Developer/Library/Frameworks",
					"$(inherited)",
					"$(DEVELOPER_FRAMEWORKS_DIR)",
				);
				GCC_PRECOMPILE_PREFIX_HEADER = YES;
				GCC_PREFIX_HEADER = "pind/pind-Prefix.pch";
				GCC_PREPROCESSOR_DEFINITIONS = (
					"DEBUG=1",
					"$(inherited)",
				);
				INFOPLIST_FILE = "pindTests/pindTests-Info.plist";
				PRODUCT_NAME = "$(TARGET_NAME)";
				TEST_HOST = "$(BUNDLE_LOADER)";
				WRAPPER_EXTENSION = xctest;
			};
			name = Debug;
		};
		6247B9B918B5A52400BC2E09 /* Release */ = {
			isa = XCBuildConfiguration;
			buildSettings = {
				ARCHS = "$(ARCHS_STANDARD_INCLUDING_64_BIT)";
				BUNDLE_LOADER = "$(BUILT_PRODUCTS_DIR)/pind.app/pind";
				FRAMEWORK_SEARCH_PATHS = (
					"$(SDKROOT)/Developer/Library/Frameworks",
					"$(inherited)",
					"$(DEVELOPER_FRAMEWORKS_DIR)",
				);
				GCC_PRECOMPILE_PREFIX_HEADER = YES;
				GCC_PREFIX_HEADER = "pind/pind-Prefix.pch";
				INFOPLIST_FILE = "pindTests/pindTests-Info.plist";
				PRODUCT_NAME = "$(TARGET_NAME)";
				TEST_HOST = "$(BUNDLE_LOADER)";
				WRAPPER_EXTENSION = xctest;
			};
			name = Release;
		};
/* End XCBuildConfiguration section */

/* Begin XCConfigurationList section */
		6247B97D18B5A52200BC2E09 /* Build configuration list for PBXProject "pind" */ = {
			isa = XCConfigurationList;
			buildConfigurations = (
				6247B9B218B5A52400BC2E09 /* Debug */,
				6247B9B318B5A52400BC2E09 /* Release */,
			);
			defaultConfigurationIsVisible = 0;
			defaultConfigurationName = Release;
		};
		6247B9B418B5A52400BC2E09 /* Build configuration list for PBXNativeTarget "pind" */ = {
			isa = XCConfigurationList;
			buildConfigurations = (
				6247B9B518B5A52400BC2E09 /* Debug */,
				6247B9B618B5A52400BC2E09 /* Release */,
			);
			defaultConfigurationIsVisible = 0;
		};
		6247B9B718B5A52400BC2E09 /* Build configuration list for PBXNativeTarget "pindTests" */ = {
			isa = XCConfigurationList;
			buildConfigurations = (
				6247B9B818B5A52400BC2E09 /* Debug */,
				6247B9B918B5A52400BC2E09 /* Release */,
			);
			defaultConfigurationIsVisible = 0;
		};
/* End XCConfigurationList section */

/* Begin XCVersionGroup section */
		6247B99918B5A52300BC2E09 /* pind.xcdatamodeld */ = {
			isa = XCVersionGroup;
			children = (
				6247B99A18B5A52300BC2E09 /* pind.xcdatamodel */,
			);
			currentVersion = 6247B99A18B5A52300BC2E09 /* pind.xcdatamodel */;
			path = pind.xcdatamodeld;
			sourceTree = "<group>";
			versionGroupType = wrapper.xcdatamodel;
		};
/* End XCVersionGroup section */
	};
	rootObject = 6247B97A18B5A52200BC2E09 /* Project object */;
}
